
Microsoft Visual Studio Solution File, Format Version 11.00
# Visual Studio 2010
Project("{FAE04EC0-301F-11D3-BF4B-00C04F79EFBC}") = "KOSC", "KOSC\KOSC\KOSC.csproj", "{3DFCED63-A40A-492D-9059-FDC790C57771}"
EndProject
Project("{FAE04EC0-301F-11D3-BF4B-00C04F79EFBC}") = "KOSCContent", "KOSC\KOSCContent\KOSCContent.contentproj", "{9075E51F-3035-46F1-955E-B7BABD3B8C65}"
EndProject
Global
	GlobalSection(SolutionConfigurationPlatforms) = preSolution
		Debug|x86 = Debug|x86
		Layout|x86 = Layout|x86
		Release|x86 = Release|x86
	EndGlobalSection
	GlobalSection(ProjectConfigurationPlatforms) = postSolution
		{3DFCED63-A40A-492D-9059-FDC790C57771}.Debug|x86.ActiveCfg = Debug|x86
		{3DFCED63-A40A-492D-9059-FDC790C57771}.Debug|x86.Build.0 = Debug|x86
		{3DFCED63-A40A-492D-9059-FDC790C57771}.Layout|x86.ActiveCfg = Release|x86
		{3DFCED63-A40A-492D-9059-FDC790C57771}.Layout|x86.Build.0 = Release|x86
		{3DFCED63-A40A-492D-9059-FDC790C57771}.Release|x86.ActiveCfg = Release|x86
		{3DFCED63-A40A-492D-9059-FDC790C57771}.Release|x86.Build.0 = Release|x86
		{9075E51F-3035-46F1-955E-B7BABD3B8C65}.Debug|x86.ActiveCfg = Debug|x86
		{9075E51F-3035-46F1-955E-B7BABD3B8C65}.Layout|x86.ActiveCfg = Release|x86
		{9075E51F-3035-46F1-955E-B7BABD3B8C65}.Release|x86.ActiveCfg = Release|x86
	EndGlobalSection
	GlobalSection(SolutionProperties) = preSolution
		HideSolutionNode = FALSE
	EndGlobalSection
EndGlobal
